
Microsoft Visual Studio Solution File, Format Version 12.00
# Visual Studio 15
Project("{FAE04EC0-301F-11D3-BF4B-00C04F79EFBC}") = "Assembly-CSharp", "Assembly-CSharp.csproj", "{D6F438C2-6578-0CB0-41D9-EBDAA7817291}"
EndProject
Project("{FAE04EC0-301F-11D3-BF4B-00C04F79EFBC}") = "Assembly-CSharp-Editor", "Assembly-CSharp-Editor.csproj", "{2AB5AC71-58F6-76FE-D64E-67D5C02AE119}"
EndProject
Global
	GlobalSection(SolutionConfigurationPlatforms) = preSolution
		Debug|Any CPU = Debug|Any CPU
		Release|Any CPU = Release|Any CPU
	EndGlobalSection
	GlobalSection(ProjectConfigurationPlatforms) = postSolution
		{D6F438C2-6578-0CB0-41D9-EBDAA7817291}.Debug|Any CPU.ActiveCfg = Debug|Any CPU
		{D6F438C2-6578-0CB0-41D9-EBDAA7817291}.Debug|Any CPU.Build.0 = Debug|Any CPU
		{D6F438C2-6578-0CB0-41D9-EBDAA7817291}.Release|Any CPU.ActiveCfg = Release|Any CPU
		{D6F438C2-6578-0CB0-41D9-EBDAA7817291}.Release|Any CPU.Build.0 = Release|Any CPU
		{2AB5AC71-58F6-76FE-D64E-67D5C02AE119}.Debug|Any CPU.ActiveCfg = Debug|Any CPU
		{2AB5AC71-58F6-76FE-D64E-67D5C02AE119}.Debug|Any CPU.Build.0 = Debug|Any CPU
		{2AB5AC71-58F6-76FE-D64E-67D5C02AE119}.Release|Any CPU.ActiveCfg = Release|Any CPU
		{2AB5AC71-58F6-76FE-D64E-67D5C02AE119}.Release|Any CPU.Build.0 = Release|Any CPU
	EndGlobalSection
	GlobalSection(SolutionProperties) = preSolution
		HideSolutionNode = FALSE
	EndGlobalSection
EndGlobal
